// !$*UTF8*$!
{
	archiveVersion = 1;
	classes = {
	};
	objectVersion = 50;
	objects = {

/* Begin PBXBuildFile section */
		2C1521AF25133C1E00A49838 /* AppDelegate.swift in Sources */ = {isa = PBXBuildFile; fileRef = 2C1521AE25133C1E00A49838 /* AppDelegate.swift */; };
		2C1521B125133C1E00A49838 /* SceneDelegate.swift in Sources */ = {isa = PBXBuildFile; fileRef = 2C1521B025133C1E00A49838 /* SceneDelegate.swift */; };
		2C1521B325133C1E00A49838 /* ViewController.swift in Sources */ = {isa = PBXBuildFile; fileRef = 2C1521B225133C1E00A49838 /* ViewController.swift */; };
		2C1521B625133C1E00A49838 /* Main.storyboard in Resources */ = {isa = PBXBuildFile; fileRef = 2C1521B425133C1E00A49838 /* Main.storyboard */; };
		2C1521B825133C2100A49838 /* Assets.xcassets in Resources */ = {isa = PBXBuildFile; fileRef = 2C1521B725133C2100A49838 /* Assets.xcassets */; };
		2C1521BB25133C2100A49838 /* LaunchScreen.storyboard in Resources */ = {isa = PBXBuildFile; fileRef = 2C1521B925133C2100A49838 /* LaunchScreen.storyboard */; };
		2C1521C625133C2100A49838 /* QuizTests.swift in Sources */ = {isa = PBXBuildFile; fileRef = 2C1521C525133C2100A49838 /* QuizTests.swift */; };
		2C1521D125133C2100A49838 /* QuizUITests.swift in Sources */ = {isa = PBXBuildFile; fileRef = 2C1521D025133C2100A49838 /* QuizUITests.swift */; };
/* End PBXBuildFile section */

/* Begin PBXContainerItemProxy section */
		2C1521C225133C2100A49838 /* PBXContainerItemProxy */ = {
			isa = PBXContainerItemProxy;
			containerPortal = 2C1521A325133C1E00A49838 /* Project object */;
			proxyType = 1;
			remoteGlobalIDString = 2C1521AA25133C1E00A49838;
			remoteInfo = Quiz;
		};
		2C1521CD25133C2100A49838 /* PBXContainerItemProxy */ = {
			isa = PBXContainerItemProxy;
			containerPortal = 2C1521A325133C1E00A49838 /* Project object */;
			proxyType = 1;
			remoteGlobalIDString = 2C1521AA25133C1E00A49838;
			remoteInfo = Quiz;
		};
/* End PBXContainerItemProxy section */

/* Begin PBXFileReference section */
		2C1521AB25133C1E00A49838 /* Quiz.app */ = {isa = PBXFileReference; explicitFileType = wrapper.application; includeInIndex = 0; path = Quiz.app; sourceTree = BUILT_PRODUCTS_DIR; };
		2C1521AE25133C1E00A49838 /* AppDelegate.swift */ = {isa = PBXFileReference; lastKnownFileType = sourcecode.swift; path = AppDelegate.swift; sourceTree = "<group>"; };
		2C1521B025133C1E00A49838 /* SceneDelegate.swift */ = {isa = PBXFileReference; lastKnownFileType = sourcecode.swift; path = SceneDelegate.swift; sourceTree = "<group>"; };
		2C1521B225133C1E00A49838 /* ViewController.swift */ = {isa = PBXFileReference; lastKnownFileType = sourcecode.swift; path = ViewController.swift; sourceTree = "<group>"; };
		2C1521B525133C1E00A49838 /* Base */ = {isa = PBXFileReference; lastKnownFileType = file.storyboard; name = Base; path = Base.lproj/Main.storyboard; sourceTree = "<group>"; };
		2C1521B725133C2100A49838 /* Assets.xcassets */ = {isa = PBXFileReference; lastKnownFileType = folder.assetcatalog; path = Assets.xcassets; sourceTree = "<group>"; };
		2C1521BA25133C2100A49838 /* Base */ = {isa = PBXFileReference; lastKnownFileType = file.storyboard; name = Base; path = Base.lproj/LaunchScreen.storyboard; sourceTree = "<group>"; };
		2C1521BC25133C2100A49838 /* Info.plist */ = {isa = PBXFileReference; lastKnownFileType = text.plist.xml; path = Info.plist; sourceTree = "<group>"; };
		2C1521C125133C2100A49838 /* QuizTests.xctest */ = {isa = PBXFileReference; explicitFileType = wrapper.cfbundle; includeInIndex = 0; path = QuizTests.xctest; sourceTree = BUILT_PRODUCTS_DIR; };
		2C1521C525133C2100A49838 /* QuizTests.swift */ = {isa = PBXFileReference; lastKnownFileType = sourcecode.swift; path = QuizTests.swift; sourceTree = "<group>"; };
		2C1521C725133C2100A49838 /* Info.plist */ = {isa = PBXFileReference; lastKnownFileType = text.plist.xml; path = Info.plist; sourceTree = "<group>"; };
		2C1521CC25133C2100A49838 /* QuizUITests.xctest */ = {isa = PBXFileReference; explicitFileType = wrapper.cfbundle; includeInIndex = 0; path = QuizUITests.xctest; sourceTree = BUILT_PRODUCTS_DIR; };
		2C1521D025133C2100A49838 /* QuizUITests.swift */ = {isa = PBXFileReference; lastKnownFileType = sourcecode.swift; path = QuizUITests.swift; sourceTree = "<group>"; };
		2C1521D225133C2100A49838 /* Info.plist */ = {isa = PBXFileReference; lastKnownFileType = text.plist.xml; path = Info.plist; sourceTree = "<group>"; };
/* End PBXFileReference section */

/* Begin PBXFrameworksBuildPhase section */
		2C1521A825133C1E00A49838 /* Frameworks */ = {
			isa = PBXFrameworksBuildPhase;
			buildActionMask = 2147483647;
			files = (
			);
			runOnlyForDeploymentPostprocessing = 0;
		};
		2C1521BE25133C2100A49838 /* Frameworks */ = {
			isa = PBXFrameworksBuildPhase;
			buildActionMask = 2147483647;
			files = (
			);
			runOnlyForDeploymentPostprocessing = 0;
		};
		2C1521C925133C2100A49838 /* Frameworks */ = {
			isa = PBXFrameworksBuildPhase;
			buildActionMask = 2147483647;
			files = (
			);
			runOnlyForDeploymentPostprocessing = 0;
		};
/* End PBXFrameworksBuildPhase section */

/* Begin PBXGroup section */
		2C1521A225133C1E00A49838 = {
			isa = PBXGroup;
			children = (
				2C1521AD25133C1E00A49838 /* Quiz */,
				2C1521C425133C2100A49838 /* QuizTests */,
				2C1521CF25133C2100A49838 /* QuizUITests */,
				2C1521AC25133C1E00A49838 /* Products */,
			);
			sourceTree = "<group>";
		};
		2C1521AC25133C1E00A49838 /* Products */ = {
			isa = PBXGroup;
			children = (
				2C1521AB25133C1E00A49838 /* Quiz.app */,
				2C1521C125133C2100A49838 /* QuizTests.xctest */,
				2C1521CC25133C2100A49838 /* QuizUITests.xctest */,
			);
			name = Products;
			sourceTree = "<group>";
		};
		2C1521AD25133C1E00A49838 /* Quiz */ = {
			isa = PBXGroup;
			children = (
				2C1521AE25133C1E00A49838 /* AppDelegate.swift */,
				2C1521B025133C1E00A49838 /* SceneDelegate.swift */,
				2C1521B225133C1E00A49838 /* ViewController.swift */,
				2C1521B425133C1E00A49838 /* Main.storyboard */,
				2C1521B725133C2100A49838 /* Assets.xcassets */,
				2C1521B925133C2100A49838 /* LaunchScreen.storyboard */,
				2C1521BC25133C2100A49838 /* Info.plist */,
			);
			path = Quiz;
			sourceTree = "<group>";
		};
		2C1521C425133C2100A49838 /* QuizTests */ = {
			isa = PBXGroup;
			children = (
				2C1521C525133C2100A49838 /* QuizTests.swift */,
				2C1521C725133C2100A49838 /* Info.plist */,
			);
			path = QuizTests;
			sourceTree = "<group>";
		};
		2C1521CF25133C2100A49838 /* QuizUITests */ = {
			isa = PBXGroup;
			children = (
				2C1521D025133C2100A49838 /* QuizUITests.swift */,
				2C1521D225133C2100A49838 /* Info.plist */,
			);
			path = QuizUITests;
			sourceTree = "<group>";
		};
/* End PBXGroup section */

/* Begin PBXNativeTarget section */
		2C1521AA25133C1E00A49838 /* Quiz */ = {
			isa = PBXNativeTarget;
			buildConfigurationList = 2C1521D525133C2100A49838 /* Build configuration list for PBXNativeTarget "Quiz" */;
			buildPhases = (
				2C1521A725133C1E00A49838 /* Sources */,
				2C1521A825133C1E00A49838 /* Frameworks */,
				2C1521A925133C1E00A49838 /* Resources */,
			);
			buildRules = (
			);
			dependencies = (
			);
			name = Quiz;
			productName = Quiz;
			productReference = 2C1521AB25133C1E00A49838 /* Quiz.app */;
			productType = "com.apple.product-type.application";
		};
		2C1521C025133C2100A49838 /* QuizTests */ = {
			isa = PBXNativeTarget;
			buildConfigurationList = 2C1521D825133C2100A49838 /* Build configuration list for PBXNativeTarget "QuizTests" */;
			buildPhases = (
				2C1521BD25133C2100A49838 /* Sources */,
				2C1521BE25133C2100A49838 /* Frameworks */,
				2C1521BF25133C2100A49838 /* Resources */,
			);
			buildRules = (
			);
			dependencies = (
				2C1521C325133C2100A49838 /* PBXTargetDependency */,
			);
			name = QuizTests;
			productName = QuizTests;
			productReference = 2C1521C125133C2100A49838 /* QuizTests.xctest */;
			productType = "com.apple.product-type.bundle.unit-test";
		};
		2C1521CB25133C2100A49838 /* QuizUITests */ = {
			isa = PBXNativeTarget;
			buildConfigurationList = 2C1521DB25133C2100A49838 /* Build configuration list for PBXNativeTarget "QuizUITests" */;
			buildPhases = (
				2C1521C825133C2100A49838 /* Sources */,
				2C1521C925133C2100A49838 /* Frameworks */,
				2C1521CA25133C2100A49838 /* Resources */,
			);
			buildRules = (
			);
			dependencies = (
				2C1521CE25133C2100A49838 /* PBXTargetDependency */,
			);
			name = QuizUITests;
			productName = QuizUITests;
			productReference = 2C1521CC25133C2100A49838 /* QuizUITests.xctest */;
			productType = "com.apple.product-type.bundle.ui-testing";
		};
/* End PBXNativeTarget section */

/* Begin PBXProject section */
		2C1521A325133C1E00A49838 /* Project object */ = {
			isa = PBXProject;
			attributes = {
				LastSwiftUpdateCheck = 1170;
				LastUpgradeCheck = 1170;
				ORGANIZATIONNAME = com.litech;
				TargetAttributes = {
					2C1521AA25133C1E00A49838 = {
						CreatedOnToolsVersion = 11.7;
					};
					2C1521C025133C2100A49838 = {
						CreatedOnToolsVersion = 11.7;
						TestTargetID = 2C1521AA25133C1E00A49838;
					};
					2C1521CB25133C2100A49838 = {
						CreatedOnToolsVersion = 11.7;
						TestTargetID = 2C1521AA25133C1E00A49838;
					};
				};
			};
			buildConfigurationList = 2C1521A625133C1E00A49838 /* Build configuration list for PBXProject "Quiz" */;
			compatibilityVersion = "Xcode 9.3";
			developmentRegion = en;
			hasScannedForEncodings = 0;
			knownRegions = (
				en,
				Base,
			);
			mainGroup = 2C1521A225133C1E00A49838;
			productRefGroup = 2C1521AC25133C1E00A49838 /* Products */;
			projectDirPath = "";
			projectRoot = "";
			targets = (
				2C1521AA25133C1E00A49838 /* Quiz */,
				2C1521C025133C2100A49838 /* QuizTests */,
				2C1521CB25133C2100A49838 /* QuizUITests */,
			);
		};
/* End PBXProject section */

/* Begin PBXResourcesBuildPhase section */
		2C1521A925133C1E00A49838 /* Resources */ = {
			isa = PBXResourcesBuildPhase;
			buildActionMask = 2147483647;
			files = (
				2C1521BB25133C2100A49838 /* LaunchScreen.storyboard in Resources */,
				2C1521B825133C2100A49838 /* Assets.xcassets in Resources */,
				2C1521B625133C1E00A49838 /* Main.storyboard in Resources */,
			);
			runOnlyForDeploymentPostprocessing = 0;
		};
		2C1521BF25133C2100A49838 /* Resources */ = {
			isa = PBXResourcesBuildPhase;
			buildActionMask = 2147483647;
			files = (
			);
			runOnlyForDeploymentPostprocessing = 0;
		};
		2C1521CA25133C2100A49838 /* Resources */ = {
			isa = PBXResourcesBuildPhase;
			buildActionMask = 2147483647;
			files = (
			);
			runOnlyForDeploymentPostprocessing = 0;
		};
/* End PBXResourcesBuildPhase section */

/* Begin PBXSourcesBuildPhase section */
		2C1521A725133C1E00A49838 /* Sources */ = {
			isa = PBXSourcesBuildPhase;
			buildActionMask = 2147483647;
			files = (
				2C1521B325133C1E00A49838 /* ViewController.swift in Sources */,
				2C1521AF25133C1E00A49838 /* AppDelegate.swift in Sources */,
				2C1521B125133C1E00A49838 /* SceneDelegate.swift in Sources */,
			);
			runOnlyForDeploymentPostprocessing = 0;
		};
		2C1521BD25133C2100A49838 /* Sources */ = {
			isa = PBXSourcesBuildPhase;
			buildActionMask = 2147483647;
			files = (
				2C1521C625133C2100A49838 /* QuizTests.swift in Sources */,
			);
			runOnlyForDeploymentPostprocessing = 0;
		};
		2C1521C825133C2100A49838 /* Sources */ = {
			isa = PBXSourcesBuildPhase;
			buildActionMask = 2147483647;
			files = (
				2C1521D125133C2100A49838 /* QuizUITests.swift in Sources */,
			);
			runOnlyForDeploymentPostprocessing = 0;
		};
/* End PBXSourcesBuildPhase section */

/* Begin PBXTargetDependency section */
		2C1521C325133C2100A49838 /* PBXTargetDependency */ = {
			isa = PBXTargetDependency;
			target = 2C1521AA25133C1E00A49838 /* Quiz */;
			targetProxy = 2C1521C225133C2100A49838 /* PBXContainerItemProxy */;
		};
		2C1521CE25133C2100A49838 /* PBXTargetDependency */ = {
			isa = PBXTargetDependency;
			target = 2C1521AA25133C1E00A49838 /* Quiz */;
			targetProxy = 2C1521CD25133C2100A49838 /* PBXContainerItemProxy */;
		};
/* End PBXTargetDependency section */

/* Begin PBXVariantGroup section */
		2C1521B425133C1E00A49838 /* Main.storyboard */ = {
			isa = PBXVariantGroup;
			children = (
				2C1521B525133C1E00A49838 /* Base */,
			);
			name = Main.storyboard;
			sourceTree = "<group>";
		};
		2C1521B925133C2100A49838 /* LaunchScreen.storyboard */ = {
			isa = PBXVariantGroup;
			children = (
				2C1521BA25133C2100A49838 /* Base */,
			);
			name = LaunchScreen.storyboard;
			sourceTree = "<group>";
		};
/* End PBXVariantGroup section */

/* Begin XCBuildConfiguration section */
		2C1521D325133C2100A49838 /* Debug */ = {
			isa = XCBuildConfiguration;
			buildSettings = {
				ALWAYS_SEARCH_USER_PATHS = NO;
				CLANG_ANALYZER_NONNULL = YES;
				CLANG_ANALYZER_NUMBER_OBJECT_CONVERSION = YES_AGGRESSIVE;
				CLANG_CXX_LANGUAGE_STANDARD = "gnu++14";
				CLANG_CXX_LIBRARY = "libc++";
				CLANG_ENABLE_MODULES = YES;
				CLANG_ENABLE_OBJC_ARC = YES;
				CLANG_ENABLE_OBJC_WEAK = YES;
				CLANG_WARN_BLOCK_CAPTURE_AUTORELEASING = YES;
				CLANG_WARN_BOOL_CONVERSION = YES;
				CLANG_WARN_COMMA = YES;
				CLANG_WARN_CONSTANT_CONVERSION = YES;
				CLANG_WARN_DEPRECATED_OBJC_IMPLEMENTATIONS = YES;
				CLANG_WARN_DIRECT_OBJC_ISA_USAGE = YES_ERROR;
				CLANG_WARN_DOCUMENTATION_COMMENTS = YES;
				CLANG_WARN_EMPTY_BODY = YES;
				CLANG_WARN_ENUM_CONVERSION = YES;
				CLANG_WARN_INFINITE_RECURSION = YES;
				CLANG_WARN_INT_CONVERSION = YES;
				CLANG_WARN_NON_LITERAL_NULL_CONVERSION = YES;
				CLANG_WARN_OBJC_IMPLICIT_RETAIN_SELF = YES;
				CLANG_WARN_OBJC_LITERAL_CONVERSION = YES;
				CLANG_WARN_OBJC_ROOT_CLASS = YES_ERROR;
				CLANG_WARN_RANGE_LOOP_ANALYSIS = YES;
				CLANG_WARN_STRICT_PROTOTYPES = YES;
				CLANG_WARN_SUSPICIOUS_MOVE = YES;
				CLANG_WARN_UNGUARDED_AVAILABILITY = YES_AGGRESSIVE;
				CLANG_WARN_UNREACHABLE_CODE = YES;
				CLANG_WARN__DUPLICATE_METHOD_MATCH = YES;
				COPY_PHASE_STRIP = NO;
				DEBUG_INFORMATION_FORMAT = dwarf;
				ENABLE_STRICT_OBJC_MSGSEND = YES;
				ENABLE_TESTABILITY = YES;
				GCC_C_LANGUAGE_STANDARD = gnu11;
				GCC_DYNAMIC_NO_PIC = NO;
				GCC_NO_COMMON_BLOCKS = YES;
				GCC_OPTIMIZATION_LEVEL = 0;
				GCC_PREPROCESSOR_DEFINITIONS = (
					"DEBUG=1",
					"$(inherited)",
				);
				GCC_WARN_64_TO_32_BIT_CONVERSION = YES;
				GCC_WARN_ABOUT_RETURN_TYPE = YES_ERROR;
				GCC_WARN_UNDECLARED_SELECTOR = YES;
				GCC_WARN_UNINITIALIZED_AUTOS = YES_AGGRESSIVE;
				GCC_WARN_UNUSED_FUNCTION = YES;
				GCC_WARN_UNUSED_VARIABLE = YES;
				IPHONEOS_DEPLOYMENT_TARGET = 13.7;
				MTL_ENABLE_DEBUG_INFO = INCLUDE_SOURCE;
				MTL_FAST_MATH = YES;
				ONLY_ACTIVE_ARCH = YES;
				SDKROOT = iphoneos;
				SWIFT_ACTIVE_COMPILATION_CONDITIONS = DEBUG;
				SWIFT_OPTIMIZATION_LEVEL = "-Onone";
			};
			name = Debug;
		};
		2C1521D425133C2100A49838 /* Release */ = {
			isa = XCBuildConfiguration;
			buildSettings = {
				ALWAYS_SEARCH_USER_PATHS = NO;
				CLANG_ANALYZER_NONNULL = YES;
				CLANG_ANALYZER_NUMBER_OBJECT_CONVERSION = YES_AGGRESSIVE;
				CLANG_CXX_LANGUAGE_STANDARD = "gnu++14";
				CLANG_CXX_LIBRARY = "libc++";
				CLANG_ENABLE_MODULES = YES;
				CLANG_ENABLE_OBJC_ARC = YES;
				CLANG_ENABLE_OBJC_WEAK = YES;
				CLANG_WARN_BLOCK_CAPTURE_AUTORELEASING = YES;
				CLANG_WARN_BOOL_CONVERSION = YES;
				CLANG_WARN_COMMA = YES;
				CLANG_WARN_CONSTANT_CONVERSION = YES;
				CLANG_WARN_DEPRECATED_OBJC_IMPLEMENTATIONS = YES;
				CLANG_WARN_DIRECT_OBJC_ISA_USAGE = YES_ERROR;
				CLANG_WARN_DOCUMENTATION_COMMENTS = YES;
				CLANG_WARN_EMPTY_BODY = YES;
				CLANG_WARN_ENUM_CONVERSION = YES;
				CLANG_WARN_INFINITE_RECURSION = YES;
				CLANG_WARN_INT_CONVERSION = YES;
				CLANG_WARN_NON_LITERAL_NULL_CONVERSION = YES;
				CLANG_WARN_OBJC_IMPLICIT_RETAIN_SELF = YES;
				CLANG_WARN_OBJC_LITERAL_CONVERSION = YES;
				CLANG_WARN_OBJC_ROOT_CLASS = YES_ERROR;
				CLANG_WARN_RANGE_LOOP_ANALYSIS = YES;
				CLANG_WARN_STRICT_PROTOTYPES = YES;
				CLANG_WARN_SUSPICIOUS_MOVE = YES;
				CLANG_WARN_UNGUARDED_AVAILABILITY = YES_AGGRESSIVE;
				CLANG_WARN_UNREACHABLE_CODE = YES;
				CLANG_WARN__DUPLICATE_METHOD_MATCH = YES;
				COPY_PHASE_STRIP = NO;
				DEBUG_INFORMATION_FORMAT = "dwarf-with-dsym";
				ENABLE_NS_ASSERTIONS = NO;
				ENABLE_STRICT_OBJC_MSGSEND = YES;
				GCC_C_LANGUAGE_STANDARD = gnu11;
				GCC_NO_COMMON_BLOCKS = YES;
				GCC_WARN_64_TO_32_BIT_CONVERSION = YES;
				GCC_WARN_ABOUT_RETURN_TYPE = YES_ERROR;
				GCC_WARN_UNDECLARED_SELECTOR = YES;
				GCC_WARN_UNINITIALIZED_AUTOS = YES_AGGRESSIVE;
				GCC_WARN_UNUSED_FUNCTION = YES;
				GCC_WARN_UNUSED_VARIABLE = YES;
				IPHONEOS_DEPLOYMENT_TARGET = 13.7;
				MTL_ENABLE_DEBUG_INFO = NO;
				MTL_FAST_MATH = YES;
				SDKROOT = iphoneos;
				SWIFT_COMPILATION_MODE = wholemodule;
				SWIFT_OPTIMIZATION_LEVEL = "-O";
				VALIDATE_PRODUCT = YES;
			};
			name = Release;
		};
		2C1521D625133C2100A49838 /* Debug */ = {
			isa = XCBuildConfiguration;
			buildSettings = {
				ASSETCATALOG_COMPILER_APPICON_NAME = AppIcon;
				CODE_SIGN_STYLE = Automatic;
				INFOPLIST_FILE = Quiz/Info.plist;
				LD_RUNPATH_SEARCH_PATHS = (
					"$(inherited)",
					"@executable_path/Frameworks",
				);
				PRODUCT_BUNDLE_IDENTIFIER = com.litech.Quiz;
				PRODUCT_NAME = "$(TARGET_NAME)";
				SWIFT_VERSION = 5.0;
				TARGETED_DEVICE_FAMILY = "1,2";
			};
			name = Debug;
		};
		2C1521D725133C2100A49838 /* Release */ = {
			isa = XCBuildConfiguration;
			buildSettings = {
				ASSETCATALOG_COMPILER_APPICON_NAME = AppIcon;
				CODE_SIGN_STYLE = Automatic;
				INFOPLIST_FILE = Quiz/Info.plist;
				LD_RUNPATH_SEARCH_PATHS = (
					"$(inherited)",
					"@executable_path/Frameworks",
				);
				PRODUCT_BUNDLE_IDENTIFIER = com.litech.Quiz;
				PRODUCT_NAME = "$(TARGET_NAME)";
				SWIFT_VERSION = 5.0;
				TARGETED_DEVICE_FAMILY = "1,2";
			};
			name = Release;
		};
		2C1521D925133C2100A49838 /* Debug */ = {
			isa = XCBuildConfiguration;
			buildSettings = {
				ALWAYS_EMBED_SWIFT_STANDARD_LIBRARIES = YES;
				BUNDLE_LOADER = "$(TEST_HOST)";
				CODE_SIGN_STYLE = Automatic;
				INFOPLIST_FILE = QuizTests/Info.plist;
				IPHONEOS_DEPLOYMENT_TARGET = 13.7;
				LD_RUNPATH_SEARCH_PATHS = (
					"$(inherited)",
					"@executable_path/Frameworks",
					"@loader_path/Frameworks",
				);
				PRODUCT_BUNDLE_IDENTIFIER = com.litech.QuizTests;
				PRODUCT_NAME = "$(TARGET_NAME)";
				SWIFT_VERSION = 5.0;
				TARGETED_DEVICE_FAMILY = "1,2";
				TEST_HOST = "$(BUILT_PRODUCTS_DIR)/Quiz.app/Quiz";
			};
			name = Debug;
		};
		2C1521DA25133C2100A49838 /* Release */ = {
			isa = XCBuildConfiguration;
			buildSettings = {
				ALWAYS_EMBED_SWIFT_STANDARD_LIBRARIES = YES;
				BUNDLE_LOADER = "$(TEST_HOST)";
				CODE_SIGN_STYLE = Automatic;
				INFOPLIST_FILE = QuizTests/Info.plist;
				IPHONEOS_DEPLOYMENT_TARGET = 13.7;
				LD_RUNPATH_SEARCH_PATHS = (
					"$(inherited)",
					"@executable_path/Frameworks",
					"@loader_path/Frameworks",
				);
				PRODUCT_BUNDLE_IDENTIFIER = com.litech.QuizTests;
				PRODUCT_NAME = "$(TARGET_NAME)";
				SWIFT_VERSION = 5.0;
				TARGETED_DEVICE_FAMILY = "1,2";
				TEST_HOST = "$(BUILT_PRODUCTS_DIR)/Quiz.app/Quiz";
			};
			name = Release;
		};
		2C1521DC25133C2100A49838 /* Debug */ = {
			isa = XCBuildConfiguration;
			buildSettings = {
				ALWAYS_EMBED_SWIFT_STANDARD_LIBRARIES = YES;
				CODE_SIGN_STYLE = Automatic;
				INFOPLIST_FILE = QuizUITests/Info.plist;
				LD_RUNPATH_SEARCH_PATHS = (
					"$(inherited)",
					"@executable_path/Frameworks",
					"@loader_path/Frameworks",
				);
				PRODUCT_BUNDLE_IDENTIFIER = com.litech.QuizUITests;
				PRODUCT_NAME = "$(TARGET_NAME)";
				SWIFT_VERSION = 5.0;
				TARGETED_DEVICE_FAMILY = "1,2";
				TEST_TARGET_NAME = Quiz;
			};
			name = Debug;
		};
		2C1521DD25133C2100A49838 /* Release */ = {
			isa = XCBuildConfiguration;
			buildSettings = {
				ALWAYS_EMBED_SWIFT_STANDARD_LIBRARIES = YES;
				CODE_SIGN_STYLE = Automatic;
				INFOPLIST_FILE = QuizUITests/Info.plist;
				LD_RUNPATH_SEARCH_PATHS = (
					"$(inherited)",
					"@executable_path/Frameworks",
					"@loader_path/Frameworks",
				);
				PRODUCT_BUNDLE_IDENTIFIER = com.litech.QuizUITests;
				PRODUCT_NAME = "$(TARGET_NAME)";
				SWIFT_VERSION = 5.0;
				TARGETED_DEVICE_FAMILY = "1,2";
				TEST_TARGET_NAME = Quiz;
			};
			name = Release;
		};
/* End XCBuildConfiguration section */

/* Begin XCConfigurationList section */
		2C1521A625133C1E00A49838 /* Build configuration list for PBXProject "Quiz" */ = {
			isa = XCConfigurationList;
			buildConfigurations = (
				2C1521D325133C2100A49838 /* Debug */,
				2C1521D425133C2100A49838 /* Release */,
			);
			defaultConfigurationIsVisible = 0;
			defaultConfigurationName = Release;
		};
		2C1521D525133C2100A49838 /* Build configuration list for PBXNativeTarget "Quiz" */ = {
			isa = XCConfigurationList;
			buildConfigurations = (
				2C1521D625133C2100A49838 /* Debug */,
				2C1521D725133C2100A49838 /* Release */,
			);
			defaultConfigurationIsVisible = 0;
			defaultConfigurationName = Release;
		};
		2C1521D825133C2100A49838 /* Build configuration list for PBXNativeTarget "QuizTests" */ = {
			isa = XCConfigurationList;
			buildConfigurations = (
				2C1521D925133C2100A49838 /* Debug */,
				2C1521DA25133C2100A49838 /* Release */,
			);
			defaultConfigurationIsVisible = 0;
			defaultConfigurationName = Release;
		};
		2C1521DB25133C2100A49838 /* Build configuration list for PBXNativeTarget "QuizUITests" */ = {
			isa = XCConfigurationList;
			buildConfigurations = (
				2C1521DC25133C2100A49838 /* Debug */,
				2C1521DD25133C2100A49838 /* Release */,
			);
			defaultConfigurationIsVisible = 0;
			defaultConfigurationName = Release;
		};
/* End XCConfigurationList section */
	};
	rootObject = 2C1521A325133C1E00A49838 /* Project object */;
}
